
Microsoft Visual Studio Solution File, Format Version 12.00
# Visual Studio Version 17
VisualStudioVersion = 17.5.33530.505
MinimumVisualStudioVersion = 10.0.40219.1
Project("{FAE04EC0-301F-11D3-BF4B-00C04F79EFBC}") = "API", "API\API.csproj", "{8644DC5D-8331-4A01-AC58-402B0162F900}"
EndProject
Global
	GlobalSection(SolutionConfigurationPlatforms) = preSolution
		Debug|Any CPU = Debug|Any CPU
		Release|Any CPU = Release|Any CPU
	EndGlobalSection
	GlobalSection(ProjectConfigurationPlatforms) = postSolution
		{8644DC5D-8331-4A01-AC58-402B0162F900}.Debug|Any CPU.ActiveCfg = Debug|Any CPU
		{8644DC5D-8331-4A01-AC58-402B0162F900}.Debug|Any CPU.Build.0 = Debug|Any CPU
		{8644DC5D-8331-4A01-AC58-402B0162F900}.Release|Any CPU.ActiveCfg = Release|Any CPU
		{8644DC5D-8331-4A01-AC58-402B0162F900}.Release|Any CPU.Build.0 = Release|Any CPU
	EndGlobalSection
	GlobalSection(SolutionProperties) = preSolution
		HideSolutionNode = FALSE
	EndGlobalSection
	GlobalSection(ExtensibilityGlobals) = postSolution
		SolutionGuid = {F3A29416-D016-47FB-8E28-BA7247C6B9B1}
	EndGlobalSection
EndGlobal
